// !$*UTF8*$!
{
	archiveVersion = 1;
	classes = {
	};
	objectVersion = 56;
	objects = {

/* Begin PBXBuildFile section */
		820ABD9F2901F753007365D3 /* BuySubscribe.swift in Sources */ = {isa = PBXBuildFile; fileRef = 820ABD9E2901F753007365D3 /* BuySubscribe.swift */; };
		821F5B4028FFF992004B8164 /* Settings.swift in Sources */ = {isa = PBXBuildFile; fileRef = 821F5B3F28FFF992004B8164 /* Settings.swift */; };
		821F5B4228FFFF37004B8164 /* MyTemplate.swift in Sources */ = {isa = PBXBuildFile; fileRef = 821F5B4128FFFF37004B8164 /* MyTemplate.swift */; };
		82480DF128F6D6D000B3689C /* AppDelegate.swift in Sources */ = {isa = PBXBuildFile; fileRef = 82480DF028F6D6D000B3689C /* AppDelegate.swift */; };
		82480DF328F6D6D000B3689C /* SceneDelegate.swift in Sources */ = {isa = PBXBuildFile; fileRef = 82480DF228F6D6D000B3689C /* SceneDelegate.swift */; };
		82480DF528F6D6D000B3689C /* Main.swift in Sources */ = {isa = PBXBuildFile; fileRef = 82480DF428F6D6D000B3689C /* Main.swift */; };
		82480DF828F6D6D000B3689C /* Main.storyboard in Resources */ = {isa = PBXBuildFile; fileRef = 82480DF628F6D6D000B3689C /* Main.storyboard */; };
		82480DFA28F6D6D200B3689C /* Assets.xcassets in Resources */ = {isa = PBXBuildFile; fileRef = 82480DF928F6D6D200B3689C /* Assets.xcassets */; };
		82480DFD28F6D6D200B3689C /* LaunchScreen.storyboard in Resources */ = {isa = PBXBuildFile; fileRef = 82480DFB28F6D6D200B3689C /* LaunchScreen.storyboard */; };
		8290921928FB59D50051AB07 /* CreateTemplate.swift in Sources */ = {isa = PBXBuildFile; fileRef = 8290921828FB59D50051AB07 /* CreateTemplate.swift */; };
		8296A6A828FB8C6B0096B1B0 /* TemplateCell.swift in Sources */ = {isa = PBXBuildFile; fileRef = 8296A6A728FB8C6B0096B1B0 /* TemplateCell.swift */; };
		82D0556529047685009EBDB3 /* Extensions.swift in Sources */ = {isa = PBXBuildFile; fileRef = 82D0556429047684009EBDB3 /* Extensions.swift */; };
		82E2C0D929031CE7005564AE /* History.swift in Sources */ = {isa = PBXBuildFile; fileRef = 82E2C0D829031CE6005564AE /* History.swift */; };
		82E2C0DC29031E17005564AE /* HistoryCollectionCell.swift in Sources */ = {isa = PBXBuildFile; fileRef = 82E2C0DB29031E17005564AE /* HistoryCollectionCell.swift */; };
		82EABBDE28F9B6FC00322276 /* TrendingsAll.swift in Sources */ = {isa = PBXBuildFile; fileRef = 82EABBDD28F9B6FC00322276 /* TrendingsAll.swift */; };
/* End PBXBuildFile section */

/* Begin PBXFileReference section */
		820ABD9E2901F753007365D3 /* BuySubscribe.swift */ = {isa = PBXFileReference; lastKnownFileType = sourcecode.swift; path = BuySubscribe.swift; sourceTree = "<group>"; };
		821F5B3F28FFF992004B8164 /* Settings.swift */ = {isa = PBXFileReference; lastKnownFileType = sourcecode.swift; path = Settings.swift; sourceTree = "<group>"; };
		821F5B4128FFFF37004B8164 /* MyTemplate.swift */ = {isa = PBXFileReference; lastKnownFileType = sourcecode.swift; path = MyTemplate.swift; sourceTree = "<group>"; };
		82480DED28F6D6D000B3689C /* Reels.app */ = {isa = PBXFileReference; explicitFileType = wrapper.application; includeInIndex = 0; path = Reels.app; sourceTree = BUILT_PRODUCTS_DIR; };
		82480DF028F6D6D000B3689C /* AppDelegate.swift */ = {isa = PBXFileReference; lastKnownFileType = sourcecode.swift; path = AppDelegate.swift; sourceTree = "<group>"; };
		82480DF228F6D6D000B3689C /* SceneDelegate.swift */ = {isa = PBXFileReference; lastKnownFileType = sourcecode.swift; path = SceneDelegate.swift; sourceTree = "<group>"; };
		82480DF428F6D6D000B3689C /* Main.swift */ = {isa = PBXFileReference; lastKnownFileType = sourcecode.swift; path = Main.swift; sourceTree = "<group>"; };
		82480DF728F6D6D000B3689C /* Base */ = {isa = PBXFileReference; lastKnownFileType = file.storyboard; name = Base; path = Base.lproj/Main.storyboard; sourceTree = "<group>"; };
		82480DF928F6D6D200B3689C /* Assets.xcassets */ = {isa = PBXFileReference; lastKnownFileType = folder.assetcatalog; path = Assets.xcassets; sourceTree = "<group>"; };
		82480DFC28F6D6D200B3689C /* Base */ = {isa = PBXFileReference; lastKnownFileType = file.storyboard; name = Base; path = Base.lproj/LaunchScreen.storyboard; sourceTree = "<group>"; };
		82480DFE28F6D6D200B3689C /* Info.plist */ = {isa = PBXFileReference; lastKnownFileType = text.plist.xml; path = Info.plist; sourceTree = "<group>"; };
		8290921828FB59D50051AB07 /* CreateTemplate.swift */ = {isa = PBXFileReference; lastKnownFileType = sourcecode.swift; path = CreateTemplate.swift; sourceTree = "<group>"; };
		8296A6A728FB8C6B0096B1B0 /* TemplateCell.swift */ = {isa = PBXFileReference; lastKnownFileType = sourcecode.swift; path = TemplateCell.swift; sourceTree = "<group>"; };
		82D0556429047684009EBDB3 /* Extensions.swift */ = {isa = PBXFileReference; lastKnownFileType = sourcecode.swift; path = Extensions.swift; sourceTree = "<group>"; };
		82E2C0D829031CE6005564AE /* History.swift */ = {isa = PBXFileReference; lastKnownFileType = sourcecode.swift; path = History.swift; sourceTree = "<group>"; };
		82E2C0DB29031E17005564AE /* HistoryCollectionCell.swift */ = {isa = PBXFileReference; lastKnownFileType = sourcecode.swift; path = HistoryCollectionCell.swift; sourceTree = "<group>"; };
		82EABBDD28F9B6FC00322276 /* TrendingsAll.swift */ = {isa = PBXFileReference; lastKnownFileType = sourcecode.swift; path = TrendingsAll.swift; sourceTree = "<group>"; };
/* End PBXFileReference section */

/* Begin PBXFrameworksBuildPhase section */
		82480DEA28F6D6D000B3689C /* Frameworks */ = {
			isa = PBXFrameworksBuildPhase;
			buildActionMask = 2147483647;
			files = (
			);
			runOnlyForDeploymentPostprocessing = 0;
		};
/* End PBXFrameworksBuildPhase section */

/* Begin PBXGroup section */
		820ABD9D2901F726007365D3 /* Subscribe */ = {
			isa = PBXGroup;
			children = (
				820ABD9E2901F753007365D3 /* BuySubscribe.swift */,
			);
			path = Subscribe;
			sourceTree = "<group>";
		};
		82480DE428F6D6D000B3689C = {
			isa = PBXGroup;
			children = (
				82480DEF28F6D6D000B3689C /* Reels */,
				82480DEE28F6D6D000B3689C /* Products */,
			);
			sourceTree = "<group>";
		};
		82480DEE28F6D6D000B3689C /* Products */ = {
			isa = PBXGroup;
			children = (
				82480DED28F6D6D000B3689C /* Reels.app */,
			);
			name = Products;
			sourceTree = "<group>";
		};
		82480DEF28F6D6D000B3689C /* Reels */ = {
			isa = PBXGroup;
			children = (
				82480DF028F6D6D000B3689C /* AppDelegate.swift */,
				82480DF228F6D6D000B3689C /* SceneDelegate.swift */,
				82480DF428F6D6D000B3689C /* Main.swift */,
				82D0556429047684009EBDB3 /* Extensions.swift */,
				82EABBDD28F9B6FC00322276 /* TrendingsAll.swift */,
				821F5B4128FFFF37004B8164 /* MyTemplate.swift */,
				821F5B3F28FFF992004B8164 /* Settings.swift */,
				82E2C0DA29031DFB005564AE /* History */,
				8296A6A628FB8C490096B1B0 /* Create Template */,
				820ABD9D2901F726007365D3 /* Subscribe */,
				82480DF628F6D6D000B3689C /* Main.storyboard */,
				82480DF928F6D6D200B3689C /* Assets.xcassets */,
				82480DFB28F6D6D200B3689C /* LaunchScreen.storyboard */,
				82480DFE28F6D6D200B3689C /* Info.plist */,
			);
			path = Reels;
			sourceTree = "<group>";
		};
		8296A6A628FB8C490096B1B0 /* Create Template */ = {
			isa = PBXGroup;
			children = (
				8290921828FB59D50051AB07 /* CreateTemplate.swift */,
				8296A6A728FB8C6B0096B1B0 /* TemplateCell.swift */,
			);
			path = "Create Template";
			sourceTree = "<group>";
		};
		82E2C0DA29031DFB005564AE /* History */ = {
			isa = PBXGroup;
			children = (
				82E2C0D829031CE6005564AE /* History.swift */,
				82E2C0DB29031E17005564AE /* HistoryCollectionCell.swift */,
			);
			path = History;
			sourceTree = "<group>";
		};
/* End PBXGroup section */

/* Begin PBXNativeTarget section */
		82480DEC28F6D6D000B3689C /* Reels */ = {
			isa = PBXNativeTarget;
			buildConfigurationList = 82480E0128F6D6D200B3689C /* Build configuration list for PBXNativeTarget "Reels" */;
			buildPhases = (
				82480DE928F6D6D000B3689C /* Sources */,
				82480DEA28F6D6D000B3689C /* Frameworks */,
				82480DEB28F6D6D000B3689C /* Resources */,
			);
			buildRules = (
			);
			dependencies = (
			);
			name = Reels;
			productName = Reels;
			productReference = 82480DED28F6D6D000B3689C /* Reels.app */;
			productType = "com.apple.product-type.application";
		};
/* End PBXNativeTarget section */

/* Begin PBXProject section */
		82480DE528F6D6D000B3689C /* Project object */ = {
			isa = PBXProject;
			attributes = {
				BuildIndependentTargetsInParallel = 1;
				LastSwiftUpdateCheck = 1400;
				LastUpgradeCheck = 1400;
				TargetAttributes = {
					82480DEC28F6D6D000B3689C = {
						CreatedOnToolsVersion = 14.0;
					};
				};
			};
			buildConfigurationList = 82480DE828F6D6D000B3689C /* Build configuration list for PBXProject "Reels" */;
			compatibilityVersion = "Xcode 14.0";
			developmentRegion = en;
			hasScannedForEncodings = 0;
			knownRegions = (
				en,
				Base,
			);
			mainGroup = 82480DE428F6D6D000B3689C;
			productRefGroup = 82480DEE28F6D6D000B3689C /* Products */;
			projectDirPath = "";
			projectRoot = "";
			targets = (
				82480DEC28F6D6D000B3689C /* Reels */,
			);
		};
/* End PBXProject section */

/* Begin PBXResourcesBuildPhase section */
		82480DEB28F6D6D000B3689C /* Resources */ = {
			isa = PBXResourcesBuildPhase;
			buildActionMask = 2147483647;
			files = (
				82480DFD28F6D6D200B3689C /* LaunchScreen.storyboard in Resources */,
				82480DFA28F6D6D200B3689C /* Assets.xcassets in Resources */,
				82480DF828F6D6D000B3689C /* Main.storyboard in Resources */,
			);
			runOnlyForDeploymentPostprocessing = 0;
		};
/* End PBXResourcesBuildPhase section */

/* Begin PBXSourcesBuildPhase section */
		82480DE928F6D6D000B3689C /* Sources */ = {
			isa = PBXSourcesBuildPhase;
			buildActionMask = 2147483647;
			files = (
				82EABBDE28F9B6FC00322276 /* TrendingsAll.swift in Sources */,
				8296A6A828FB8C6B0096B1B0 /* TemplateCell.swift in Sources */,
				8290921928FB59D50051AB07 /* CreateTemplate.swift in Sources */,
				82480DF528F6D6D000B3689C /* Main.swift in Sources */,
				82E2C0D929031CE7005564AE /* History.swift in Sources */,
				821F5B4028FFF992004B8164 /* Settings.swift in Sources */,
				821F5B4228FFFF37004B8164 /* MyTemplate.swift in Sources */,
				82D0556529047685009EBDB3 /* Extensions.swift in Sources */,
				82480DF128F6D6D000B3689C /* AppDelegate.swift in Sources */,
				82480DF328F6D6D000B3689C /* SceneDelegate.swift in Sources */,
				82E2C0DC29031E17005564AE /* HistoryCollectionCell.swift in Sources */,
				820ABD9F2901F753007365D3 /* BuySubscribe.swift in Sources */,
			);
			runOnlyForDeploymentPostprocessing = 0;
		};
/* End PBXSourcesBuildPhase section */

/* Begin PBXVariantGroup section */
		82480DF628F6D6D000B3689C /* Main.storyboard */ = {
			isa = PBXVariantGroup;
			children = (
				82480DF728F6D6D000B3689C /* Base */,
			);
			name = Main.storyboard;
			sourceTree = "<group>";
		};
		82480DFB28F6D6D200B3689C /* LaunchScreen.storyboard */ = {
			isa = PBXVariantGroup;
			children = (
				82480DFC28F6D6D200B3689C /* Base */,
			);
			name = LaunchScreen.storyboard;
			sourceTree = "<group>";
		};
/* End PBXVariantGroup section */

/* Begin XCBuildConfiguration section */
		82480DFF28F6D6D200B3689C /* Debug */ = {
			isa = XCBuildConfiguration;
			buildSettings = {
				ALWAYS_SEARCH_USER_PATHS = NO;
				CLANG_ANALYZER_NONNULL = YES;
				CLANG_ANALYZER_NUMBER_OBJECT_CONVERSION = YES_AGGRESSIVE;
				CLANG_CXX_LANGUAGE_STANDARD = "gnu++20";
				CLANG_ENABLE_MODULES = YES;
				CLANG_ENABLE_OBJC_ARC = YES;
				CLANG_ENABLE_OBJC_WEAK = YES;
				CLANG_WARN_BLOCK_CAPTURE_AUTORELEASING = YES;
				CLANG_WARN_BOOL_CONVERSION = YES;
				CLANG_WARN_COMMA = YES;
				CLANG_WARN_CONSTANT_CONVERSION = YES;
				CLANG_WARN_DEPRECATED_OBJC_IMPLEMENTATIONS = YES;
				CLANG_WARN_DIRECT_OBJC_ISA_USAGE = YES_ERROR;
				CLANG_WARN_DOCUMENTATION_COMMENTS = YES;
				CLANG_WARN_EMPTY_BODY = YES;
				CLANG_WARN_ENUM_CONVERSION = YES;
				CLANG_WARN_INFINITE_RECURSION = YES;
				CLANG_WARN_INT_CONVERSION = YES;
				CLANG_WARN_NON_LITERAL_NULL_CONVERSION = YES;
				CLANG_WARN_OBJC_IMPLICIT_RETAIN_SELF = YES;
				CLANG_WARN_OBJC_LITERAL_CONVERSION = YES;
				CLANG_WARN_OBJC_ROOT_CLASS = YES_ERROR;
				CLANG_WARN_QUOTED_INCLUDE_IN_FRAMEWORK_HEADER = YES;
				CLANG_WARN_RANGE_LOOP_ANALYSIS = YES;
				CLANG_WARN_STRICT_PROTOTYPES = YES;
				CLANG_WARN_SUSPICIOUS_MOVE = YES;
				CLANG_WARN_UNGUARDED_AVAILABILITY = YES_AGGRESSIVE;
				CLANG_WARN_UNREACHABLE_CODE = YES;
				CLANG_WARN__DUPLICATE_METHOD_MATCH = YES;
				COPY_PHASE_STRIP = NO;
				DEBUG_INFORMATION_FORMAT = dwarf;
				ENABLE_STRICT_OBJC_MSGSEND = YES;
				ENABLE_TESTABILITY = YES;
				GCC_C_LANGUAGE_STANDARD = gnu11;
				GCC_DYNAMIC_NO_PIC = NO;
				GCC_NO_COMMON_BLOCKS = YES;
				GCC_OPTIMIZATION_LEVEL = 0;
				GCC_PREPROCESSOR_DEFINITIONS = (
					"DEBUG=1",
					"$(inherited)",
				);
				GCC_WARN_64_TO_32_BIT_CONVERSION = YES;
				GCC_WARN_ABOUT_RETURN_TYPE = YES_ERROR;
				GCC_WARN_UNDECLARED_SELECTOR = YES;
				GCC_WARN_UNINITIALIZED_AUTOS = YES_AGGRESSIVE;
				GCC_WARN_UNUSED_FUNCTION = YES;
				GCC_WARN_UNUSED_VARIABLE = YES;
				IPHONEOS_DEPLOYMENT_TARGET = 16.0;
				MTL_ENABLE_DEBUG_INFO = INCLUDE_SOURCE;
				MTL_FAST_MATH = YES;
				ONLY_ACTIVE_ARCH = YES;
				SDKROOT = iphoneos;
				SWIFT_ACTIVE_COMPILATION_CONDITIONS = DEBUG;
				SWIFT_OPTIMIZATION_LEVEL = "-Onone";
			};
			name = Debug;
		};
		82480E0028F6D6D200B3689C /* Release */ = {
			isa = XCBuildConfiguration;
			buildSettings = {
				ALWAYS_SEARCH_USER_PATHS = NO;
				CLANG_ANALYZER_NONNULL = YES;
				CLANG_ANALYZER_NUMBER_OBJECT_CONVERSION = YES_AGGRESSIVE;
				CLANG_CXX_LANGUAGE_STANDARD = "gnu++20";
				CLANG_ENABLE_MODULES = YES;
				CLANG_ENABLE_OBJC_ARC = YES;
				CLANG_ENABLE_OBJC_WEAK = YES;
				CLANG_WARN_BLOCK_CAPTURE_AUTORELEASING = YES;
				CLANG_WARN_BOOL_CONVERSION = YES;
				CLANG_WARN_COMMA = YES;
				CLANG_WARN_CONSTANT_CONVERSION = YES;
				CLANG_WARN_DEPRECATED_OBJC_IMPLEMENTATIONS = YES;
				CLANG_WARN_DIRECT_OBJC_ISA_USAGE = YES_ERROR;
				CLANG_WARN_DOCUMENTATION_COMMENTS = YES;
				CLANG_WARN_EMPTY_BODY = YES;
				CLANG_WARN_ENUM_CONVERSION = YES;
				CLANG_WARN_INFINITE_RECURSION = YES;
				CLANG_WARN_INT_CONVERSION = YES;
				CLANG_WARN_NON_LITERAL_NULL_CONVERSION = YES;
				CLANG_WARN_OBJC_IMPLICIT_RETAIN_SELF = YES;
				CLANG_WARN_OBJC_LITERAL_CONVERSION = YES;
				CLANG_WARN_OBJC_ROOT_CLASS = YES_ERROR;
				CLANG_WARN_QUOTED_INCLUDE_IN_FRAMEWORK_HEADER = YES;
				CLANG_WARN_RANGE_LOOP_ANALYSIS = YES;
				CLANG_WARN_STRICT_PROTOTYPES = YES;
				CLANG_WARN_SUSPICIOUS_MOVE = YES;
				CLANG_WARN_UNGUARDED_AVAILABILITY = YES_AGGRESSIVE;
				CLANG_WARN_UNREACHABLE_CODE = YES;
				CLANG_WARN__DUPLICATE_METHOD_MATCH = YES;
				COPY_PHASE_STRIP = NO;
				DEBUG_INFORMATION_FORMAT = "dwarf-with-dsym";
				ENABLE_NS_ASSERTIONS = NO;
				ENABLE_STRICT_OBJC_MSGSEND = YES;
				GCC_C_LANGUAGE_STANDARD = gnu11;
				GCC_NO_COMMON_BLOCKS = YES;
				GCC_WARN_64_TO_32_BIT_CONVERSION = YES;
				GCC_WARN_ABOUT_RETURN_TYPE = YES_ERROR;
				GCC_WARN_UNDECLARED_SELECTOR = YES;
				GCC_WARN_UNINITIALIZED_AUTOS = YES_AGGRESSIVE;
				GCC_WARN_UNUSED_FUNCTION = YES;
				GCC_WARN_UNUSED_VARIABLE = YES;
				IPHONEOS_DEPLOYMENT_TARGET = 16.0;
				MTL_ENABLE_DEBUG_INFO = NO;
				MTL_FAST_MATH = YES;
				SDKROOT = iphoneos;
				SWIFT_COMPILATION_MODE = wholemodule;
				SWIFT_OPTIMIZATION_LEVEL = "-O";
				VALIDATE_PRODUCT = YES;
			};
			name = Release;
		};
		82480E0228F6D6D200B3689C /* Debug */ = {
			isa = XCBuildConfiguration;
			buildSettings = {
				ASSETCATALOG_COMPILER_APPICON_NAME = AppIcon;
				ASSETCATALOG_COMPILER_GLOBAL_ACCENT_COLOR_NAME = AccentColor;
				CODE_SIGN_STYLE = Automatic;
				CURRENT_PROJECT_VERSION = 1;
				DEVELOPMENT_TEAM = 2HZH3XUR69;
				GENERATE_INFOPLIST_FILE = YES;
				INFOPLIST_FILE = Reels/Info.plist;
				INFOPLIST_KEY_UIApplicationSupportsIndirectInputEvents = YES;
				INFOPLIST_KEY_UILaunchStoryboardName = LaunchScreen;
				INFOPLIST_KEY_UIMainStoryboardFile = Main;
				INFOPLIST_KEY_UISupportedInterfaceOrientations_iPad = "UIInterfaceOrientationPortrait UIInterfaceOrientationPortraitUpsideDown UIInterfaceOrientationLandscapeLeft UIInterfaceOrientationLandscapeRight";
				INFOPLIST_KEY_UISupportedInterfaceOrientations_iPhone = "UIInterfaceOrientationPortrait UIInterfaceOrientationLandscapeLeft UIInterfaceOrientationLandscapeRight";
				LD_RUNPATH_SEARCH_PATHS = (
					"$(inherited)",
					"@executable_path/Frameworks",
				);
				MARKETING_VERSION = 1.0;
				PRODUCT_BUNDLE_IDENTIFIER = molodorya.Reels;
				PRODUCT_NAME = "$(TARGET_NAME)";
				SWIFT_EMIT_LOC_STRINGS = YES;
				SWIFT_VERSION = 5.0;
				TARGETED_DEVICE_FAMILY = "1,2";
			};
			name = Debug;
		};
		82480E0328F6D6D200B3689C /* Release */ = {
			isa = XCBuildConfiguration;
			buildSettings = {
				ASSETCATALOG_COMPILER_APPICON_NAME = AppIcon;
				ASSETCATALOG_COMPILER_GLOBAL_ACCENT_COLOR_NAME = AccentColor;
				CODE_SIGN_STYLE = Automatic;
				CURRENT_PROJECT_VERSION = 1;
				DEVELOPMENT_TEAM = 2HZH3XUR69;
				GENERATE_INFOPLIST_FILE = YES;
				INFOPLIST_FILE = Reels/Info.plist;
				INFOPLIST_KEY_UIApplicationSupportsIndirectInputEvents = YES;
				INFOPLIST_KEY_UILaunchStoryboardName = LaunchScreen;
				INFOPLIST_KEY_UIMainStoryboardFile = Main;
				INFOPLIST_KEY_UISupportedInterfaceOrientations_iPad = "UIInterfaceOrientationPortrait UIInterfaceOrientationPortraitUpsideDown UIInterfaceOrientationLandscapeLeft UIInterfaceOrientationLandscapeRight";
				INFOPLIST_KEY_UISupportedInterfaceOrientations_iPhone = "UIInterfaceOrientationPortrait UIInterfaceOrientationLandscapeLeft UIInterfaceOrientationLandscapeRight";
				LD_RUNPATH_SEARCH_PATHS = (
					"$(inherited)",
					"@executable_path/Frameworks",
				);
				MARKETING_VERSION = 1.0;
				PRODUCT_BUNDLE_IDENTIFIER = molodorya.Reels;
				PRODUCT_NAME = "$(TARGET_NAME)";
				SWIFT_EMIT_LOC_STRINGS = YES;
				SWIFT_VERSION = 5.0;
				TARGETED_DEVICE_FAMILY = "1,2";
			};
			name = Release;
		};
/* End XCBuildConfiguration section */

/* Begin XCConfigurationList section */
		82480DE828F6D6D000B3689C /* Build configuration list for PBXProject "Reels" */ = {
			isa = XCConfigurationList;
			buildConfigurations = (
				82480DFF28F6D6D200B3689C /* Debug */,
				82480E0028F6D6D200B3689C /* Release */,
			);
			defaultConfigurationIsVisible = 0;
			defaultConfigurationName = Release;
		};
		82480E0128F6D6D200B3689C /* Build configuration list for PBXNativeTarget "Reels" */ = {
			isa = XCConfigurationList;
			buildConfigurations = (
				82480E0228F6D6D200B3689C /* Debug */,
				82480E0328F6D6D200B3689C /* Release */,
			);
			defaultConfigurationIsVisible = 0;
			defaultConfigurationName = Release;
		};
/* End XCConfigurationList section */
	};
	rootObject = 82480DE528F6D6D000B3689C /* Project object */;
}
