// !$*UTF8*$!
{
	archiveVersion = 1;
	classes = {
	};
	objectVersion = 56;
	objects = {

/* Begin PBXBuildFile section */
		5F3192566C5C890A542AB58F /* Pods_Reels.framework in Frameworks */ = {isa = PBXBuildFile; fileRef = E65698A272F1716F9E4A8D94 /* Pods_Reels.framework */; };
		820ABD9F2901F753007365D3 /* BuySubscribe.swift in Sources */ = {isa = PBXBuildFile; fileRef = 820ABD9E2901F753007365D3 /* BuySubscribe.swift */; };
		821C54AE29070A0400A9A3BE /* SeeAllCell.swift in Sources */ = {isa = PBXBuildFile; fileRef = 821C54AD29070A0400A9A3BE /* SeeAllCell.swift */; };
		821C54B029070B7A00A9A3BE /* MyTemplates.swift in Sources */ = {isa = PBXBuildFile; fileRef = 821C54AF29070B7A00A9A3BE /* MyTemplates.swift */; };
		821C54B329070BEA00A9A3BE /* MyTemplatesCell.swift in Sources */ = {isa = PBXBuildFile; fileRef = 821C54B229070BEA00A9A3BE /* MyTemplatesCell.swift */; };
		821C54B529070F0B00A9A3BE /* TestConstraints.swift in Sources */ = {isa = PBXBuildFile; fileRef = 821C54B429070F0B00A9A3BE /* TestConstraints.swift */; };
		821F5B4028FFF992004B8164 /* Settings.swift in Sources */ = {isa = PBXBuildFile; fileRef = 821F5B3F28FFF992004B8164 /* Settings.swift */; };
		82480DF128F6D6D000B3689C /* AppDelegate.swift in Sources */ = {isa = PBXBuildFile; fileRef = 82480DF028F6D6D000B3689C /* AppDelegate.swift */; };
		82480DF328F6D6D000B3689C /* SceneDelegate.swift in Sources */ = {isa = PBXBuildFile; fileRef = 82480DF228F6D6D000B3689C /* SceneDelegate.swift */; };
		82480DF528F6D6D000B3689C /* Main.swift in Sources */ = {isa = PBXBuildFile; fileRef = 82480DF428F6D6D000B3689C /* Main.swift */; };
		82480DF828F6D6D000B3689C /* Main.storyboard in Resources */ = {isa = PBXBuildFile; fileRef = 82480DF628F6D6D000B3689C /* Main.storyboard */; };
		82480DFA28F6D6D200B3689C /* Assets.xcassets in Resources */ = {isa = PBXBuildFile; fileRef = 82480DF928F6D6D200B3689C /* Assets.xcassets */; };
		82480DFD28F6D6D200B3689C /* LaunchScreen.storyboard in Resources */ = {isa = PBXBuildFile; fileRef = 82480DFB28F6D6D200B3689C /* LaunchScreen.storyboard */; };
		8290921928FB59D50051AB07 /* ChangeTemplate.swift in Sources */ = {isa = PBXBuildFile; fileRef = 8290921828FB59D50051AB07 /* ChangeTemplate.swift */; };
		8296A6A828FB8C6B0096B1B0 /* TemplateCell.swift in Sources */ = {isa = PBXBuildFile; fileRef = 8296A6A728FB8C6B0096B1B0 /* TemplateCell.swift */; };
		82A326BE2943DE4800442978 /* CreateTemplateMusic.swift in Sources */ = {isa = PBXBuildFile; fileRef = 82A326BD2943DE4800442978 /* CreateTemplateMusic.swift */; };
		82AABC5E290D8AC400F7AD65 /* CreateTemplateCell.swift in Sources */ = {isa = PBXBuildFile; fileRef = 82AABC5D290D8AC400F7AD65 /* CreateTemplateCell.swift */; };
		82AF318D291576E5002A2E1C /* MediaFeedDataModel.xcdatamodeld in Sources */ = {isa = PBXBuildFile; fileRef = 82AF318B291576E5002A2E1C /* MediaFeedDataModel.xcdatamodeld */; };
		82AF318F2915771D002A2E1C /* CDMediaObject.swift in Sources */ = {isa = PBXBuildFile; fileRef = 82AF318E2915771D002A2E1C /* CDMediaObject.swift */; };
		82AF319229157794002A2E1C /* CoreDataManager.swift in Sources */ = {isa = PBXBuildFile; fileRef = 82AF319129157794002A2E1C /* CoreDataManager.swift */; };
		82AF3194291577EB002A2E1C /* MediaObject.swift in Sources */ = {isa = PBXBuildFile; fileRef = 82AF3193291577EB002A2E1C /* MediaObject.swift */; };
		82B77B44291B0AC800979C70 /* MainCell.swift in Sources */ = {isa = PBXBuildFile; fileRef = 82B77B43291B0AC800979C70 /* MainCell.swift */; };
		82C25885290543B8003E5CF0 /* CreateTemplate.swift in Sources */ = {isa = PBXBuildFile; fileRef = 82C25884290543B8003E5CF0 /* CreateTemplate.swift */; };
		82C856F72908A07700528D90 /* VideoMain.swift in Sources */ = {isa = PBXBuildFile; fileRef = 82C856F62908A07700528D90 /* VideoMain.swift */; };
		82C856F92909DD6D00528D90 /* test.mov in Resources */ = {isa = PBXBuildFile; fileRef = 82C856F82909DD6D00528D90 /* test.mov */; };
		82C856FB2909E10C00528D90 /* RangeSlider.swift in Sources */ = {isa = PBXBuildFile; fileRef = 82C856FA2909E10C00528D90 /* RangeSlider.swift */; };
		82D0556529047685009EBDB3 /* Extensions.swift in Sources */ = {isa = PBXBuildFile; fileRef = 82D0556429047684009EBDB3 /* Extensions.swift */; };
		82E2C0D929031CE7005564AE /* History.swift in Sources */ = {isa = PBXBuildFile; fileRef = 82E2C0D829031CE6005564AE /* History.swift */; };
		82E2C0DC29031E17005564AE /* HistoryCollectionCell.swift in Sources */ = {isa = PBXBuildFile; fileRef = 82E2C0DB29031E17005564AE /* HistoryCollectionCell.swift */; };
		82EABBDE28F9B6FC00322276 /* SeeAll.swift in Sources */ = {isa = PBXBuildFile; fileRef = 82EABBDD28F9B6FC00322276 /* SeeAll.swift */; };
/* End PBXBuildFile section */

/* Begin PBXFileReference section */
		37C38503FD6DF43F30F1DA01 /* Pods-Reels.debug.xcconfig */ = {isa = PBXFileReference; includeInIndex = 1; lastKnownFileType = text.xcconfig; name = "Pods-Reels.debug.xcconfig"; path = "Target Support Files/Pods-Reels/Pods-Reels.debug.xcconfig"; sourceTree = "<group>"; };
		73EFDDF67023D76F873E34C2 /* Pods-Reels.release.xcconfig */ = {isa = PBXFileReference; includeInIndex = 1; lastKnownFileType = text.xcconfig; name = "Pods-Reels.release.xcconfig"; path = "Target Support Files/Pods-Reels/Pods-Reels.release.xcconfig"; sourceTree = "<group>"; };
		820ABD9E2901F753007365D3 /* BuySubscribe.swift */ = {isa = PBXFileReference; lastKnownFileType = sourcecode.swift; path = BuySubscribe.swift; sourceTree = "<group>"; };
		821C54AD29070A0400A9A3BE /* SeeAllCell.swift */ = {isa = PBXFileReference; lastKnownFileType = sourcecode.swift; path = SeeAllCell.swift; sourceTree = "<group>"; };
		821C54AF29070B7A00A9A3BE /* MyTemplates.swift */ = {isa = PBXFileReference; lastKnownFileType = sourcecode.swift; path = MyTemplates.swift; sourceTree = "<group>"; };
		821C54B229070BEA00A9A3BE /* MyTemplatesCell.swift */ = {isa = PBXFileReference; lastKnownFileType = sourcecode.swift; path = MyTemplatesCell.swift; sourceTree = "<group>"; };
		821C54B429070F0B00A9A3BE /* TestConstraints.swift */ = {isa = PBXFileReference; lastKnownFileType = sourcecode.swift; path = TestConstraints.swift; sourceTree = "<group>"; };
		821F5B3F28FFF992004B8164 /* Settings.swift */ = {isa = PBXFileReference; lastKnownFileType = sourcecode.swift; path = Settings.swift; sourceTree = "<group>"; };
		82480DED28F6D6D000B3689C /* Reels.app */ = {isa = PBXFileReference; explicitFileType = wrapper.application; includeInIndex = 0; path = Reels.app; sourceTree = BUILT_PRODUCTS_DIR; };
		82480DF028F6D6D000B3689C /* AppDelegate.swift */ = {isa = PBXFileReference; lastKnownFileType = sourcecode.swift; path = AppDelegate.swift; sourceTree = "<group>"; };
		82480DF228F6D6D000B3689C /* SceneDelegate.swift */ = {isa = PBXFileReference; lastKnownFileType = sourcecode.swift; path = SceneDelegate.swift; sourceTree = "<group>"; };
		82480DF428F6D6D000B3689C /* Main.swift */ = {isa = PBXFileReference; lastKnownFileType = sourcecode.swift; path = Main.swift; sourceTree = "<group>"; };
		82480DF728F6D6D000B3689C /* Base */ = {isa = PBXFileReference; lastKnownFileType = file.storyboard; name = Base; path = Base.lproj/Main.storyboard; sourceTree = "<group>"; };
		82480DF928F6D6D200B3689C /* Assets.xcassets */ = {isa = PBXFileReference; lastKnownFileType = folder.assetcatalog; path = Assets.xcassets; sourceTree = "<group>"; };
		82480DFC28F6D6D200B3689C /* Base */ = {isa = PBXFileReference; lastKnownFileType = file.storyboard; name = Base; path = Base.lproj/LaunchScreen.storyboard; sourceTree = "<group>"; };
		82480DFE28F6D6D200B3689C /* Info.plist */ = {isa = PBXFileReference; lastKnownFileType = text.plist.xml; path = Info.plist; sourceTree = "<group>"; };
		8290921828FB59D50051AB07 /* ChangeTemplate.swift */ = {isa = PBXFileReference; lastKnownFileType = sourcecode.swift; path = ChangeTemplate.swift; sourceTree = "<group>"; };
		8296A6A728FB8C6B0096B1B0 /* TemplateCell.swift */ = {isa = PBXFileReference; lastKnownFileType = sourcecode.swift; path = TemplateCell.swift; sourceTree = "<group>"; };
		82A326BD2943DE4800442978 /* CreateTemplateMusic.swift */ = {isa = PBXFileReference; lastKnownFileType = sourcecode.swift; path = CreateTemplateMusic.swift; sourceTree = "<group>"; };
		82AABC5D290D8AC400F7AD65 /* CreateTemplateCell.swift */ = {isa = PBXFileReference; lastKnownFileType = sourcecode.swift; path = CreateTemplateCell.swift; sourceTree = "<group>"; };
		82AF318C291576E5002A2E1C /* MediaFeedDataModel.xcdatamodel */ = {isa = PBXFileReference; lastKnownFileType = wrapper.xcdatamodel; path = MediaFeedDataModel.xcdatamodel; sourceTree = "<group>"; };
		82AF318E2915771D002A2E1C /* CDMediaObject.swift */ = {isa = PBXFileReference; lastKnownFileType = sourcecode.swift; path = CDMediaObject.swift; sourceTree = "<group>"; };
		82AF319129157794002A2E1C /* CoreDataManager.swift */ = {isa = PBXFileReference; lastKnownFileType = sourcecode.swift; path = CoreDataManager.swift; sourceTree = "<group>"; };
		82AF3193291577EB002A2E1C /* MediaObject.swift */ = {isa = PBXFileReference; lastKnownFileType = sourcecode.swift; path = MediaObject.swift; sourceTree = "<group>"; };
		82B77B43291B0AC800979C70 /* MainCell.swift */ = {isa = PBXFileReference; lastKnownFileType = sourcecode.swift; path = MainCell.swift; sourceTree = "<group>"; };
		82C25884290543B8003E5CF0 /* CreateTemplate.swift */ = {isa = PBXFileReference; lastKnownFileType = sourcecode.swift; path = CreateTemplate.swift; sourceTree = "<group>"; };
		82C856F62908A07700528D90 /* VideoMain.swift */ = {isa = PBXFileReference; lastKnownFileType = sourcecode.swift; path = VideoMain.swift; sourceTree = "<group>"; };
		82C856F82909DD6D00528D90 /* test.mov */ = {isa = PBXFileReference; lastKnownFileType = video.quicktime; path = test.mov; sourceTree = "<group>"; };
		82C856FA2909E10C00528D90 /* RangeSlider.swift */ = {isa = PBXFileReference; lastKnownFileType = sourcecode.swift; path = RangeSlider.swift; sourceTree = "<group>"; };
		82D0556429047684009EBDB3 /* Extensions.swift */ = {isa = PBXFileReference; lastKnownFileType = sourcecode.swift; path = Extensions.swift; sourceTree = "<group>"; };
		82E2C0D829031CE6005564AE /* History.swift */ = {isa = PBXFileReference; lastKnownFileType = sourcecode.swift; path = History.swift; sourceTree = "<group>"; };
		82E2C0DB29031E17005564AE /* HistoryCollectionCell.swift */ = {isa = PBXFileReference; lastKnownFileType = sourcecode.swift; path = HistoryCollectionCell.swift; sourceTree = "<group>"; };
		82EABBDD28F9B6FC00322276 /* SeeAll.swift */ = {isa = PBXFileReference; lastKnownFileType = sourcecode.swift; path = SeeAll.swift; sourceTree = "<group>"; };
		E65698A272F1716F9E4A8D94 /* Pods_Reels.framework */ = {isa = PBXFileReference; explicitFileType = wrapper.framework; includeInIndex = 0; path = Pods_Reels.framework; sourceTree = BUILT_PRODUCTS_DIR; };
/* End PBXFileReference section */

/* Begin PBXFrameworksBuildPhase section */
		82480DEA28F6D6D000B3689C /* Frameworks */ = {
			isa = PBXFrameworksBuildPhase;
			buildActionMask = 2147483647;
			files = (
				5F3192566C5C890A542AB58F /* Pods_Reels.framework in Frameworks */,
			);
			runOnlyForDeploymentPostprocessing = 0;
		};
/* End PBXFrameworksBuildPhase section */

/* Begin PBXGroup section */
		820ABD9D2901F726007365D3 /* Subscribe */ = {
			isa = PBXGroup;
			children = (
				820ABD9E2901F753007365D3 /* BuySubscribe.swift */,
			);
			path = Subscribe;
			sourceTree = "<group>";
		};
		821C54AC290709E000A9A3BE /* See All */ = {
			isa = PBXGroup;
			children = (
				82EABBDD28F9B6FC00322276 /* SeeAll.swift */,
				821C54AD29070A0400A9A3BE /* SeeAllCell.swift */,
			);
			path = "See All";
			sourceTree = "<group>";
		};
		821C54B129070B7D00A9A3BE /* My templates */ = {
			isa = PBXGroup;
			children = (
				821C54AF29070B7A00A9A3BE /* MyTemplates.swift */,
				821C54B229070BEA00A9A3BE /* MyTemplatesCell.swift */,
			);
			path = "My templates";
			sourceTree = "<group>";
		};
		82480DE428F6D6D000B3689C = {
			isa = PBXGroup;
			children = (
				82480DEF28F6D6D000B3689C /* Reels */,
				82480DEE28F6D6D000B3689C /* Products */,
				F455782341DE3A7FEE9DCE6F /* Pods */,
				99C37924F6EB882D862024B0 /* Frameworks */,
			);
			sourceTree = "<group>";
		};
		82480DEE28F6D6D000B3689C /* Products */ = {
			isa = PBXGroup;
			children = (
				82480DED28F6D6D000B3689C /* Reels.app */,
			);
			name = Products;
			sourceTree = "<group>";
		};
		82480DEF28F6D6D000B3689C /* Reels */ = {
			isa = PBXGroup;
			children = (
				82C856F82909DD6D00528D90 /* test.mov */,
				82480DF028F6D6D000B3689C /* AppDelegate.swift */,
				82480DF228F6D6D000B3689C /* SceneDelegate.swift */,
				82AF319029157721002A2E1C /* CoreData */,
				82B77B45291B0ACB00979C70 /* Main */,
				82C856FC2909E11000528D90 /* Trim Video */,
				82D0556429047684009EBDB3 /* Extensions.swift */,
				821C54B129070B7D00A9A3BE /* My templates */,
				82C2588629054712003E5CF0 /* Create Template */,
				821C54AC290709E000A9A3BE /* See All */,
				821F5B3F28FFF992004B8164 /* Settings.swift */,
				82E2C0DA29031DFB005564AE /* History */,
				8296A6A628FB8C490096B1B0 /* Change Template */,
				820ABD9D2901F726007365D3 /* Subscribe */,
				82480DF628F6D6D000B3689C /* Main.storyboard */,
				821C54B429070F0B00A9A3BE /* TestConstraints.swift */,
				82480DF928F6D6D200B3689C /* Assets.xcassets */,
				82480DFB28F6D6D200B3689C /* LaunchScreen.storyboard */,
				82480DFE28F6D6D200B3689C /* Info.plist */,
			);
			path = Reels;
			sourceTree = "<group>";
		};
		8296A6A628FB8C490096B1B0 /* Change Template */ = {
			isa = PBXGroup;
			children = (
				8290921828FB59D50051AB07 /* ChangeTemplate.swift */,
				8296A6A728FB8C6B0096B1B0 /* TemplateCell.swift */,
			);
			path = "Change Template";
			sourceTree = "<group>";
		};
		82AF319029157721002A2E1C /* CoreData */ = {
			isa = PBXGroup;
			children = (
				82AF318B291576E5002A2E1C /* MediaFeedDataModel.xcdatamodeld */,
				82AF318E2915771D002A2E1C /* CDMediaObject.swift */,
				82AF319129157794002A2E1C /* CoreDataManager.swift */,
				82AF3193291577EB002A2E1C /* MediaObject.swift */,
			);
			path = CoreData;
			sourceTree = "<group>";
		};
		82B77B45291B0ACB00979C70 /* Main */ = {
			isa = PBXGroup;
			children = (
				82480DF428F6D6D000B3689C /* Main.swift */,
				82B77B43291B0AC800979C70 /* MainCell.swift */,
			);
			path = Main;
			sourceTree = "<group>";
		};
		82C2588629054712003E5CF0 /* Create Template */ = {
			isa = PBXGroup;
			children = (
				82C25884290543B8003E5CF0 /* CreateTemplate.swift */,
				82AABC5D290D8AC400F7AD65 /* CreateTemplateCell.swift */,
				82A326BD2943DE4800442978 /* CreateTemplateMusic.swift */,
			);
			path = "Create Template";
			sourceTree = "<group>";
		};
		82C856FC2909E11000528D90 /* Trim Video */ = {
			isa = PBXGroup;
			children = (
				82C856F62908A07700528D90 /* VideoMain.swift */,
				82C856FA2909E10C00528D90 /* RangeSlider.swift */,
			);
			path = "Trim Video";
			sourceTree = "<group>";
		};
		82E2C0DA29031DFB005564AE /* History */ = {
			isa = PBXGroup;
			children = (
				82E2C0D829031CE6005564AE /* History.swift */,
				82E2C0DB29031E17005564AE /* HistoryCollectionCell.swift */,
			);
			path = History;
			sourceTree = "<group>";
		};
		99C37924F6EB882D862024B0 /* Frameworks */ = {
			isa = PBXGroup;
			children = (
				E65698A272F1716F9E4A8D94 /* Pods_Reels.framework */,
			);
			name = Frameworks;
			sourceTree = "<group>";
		};
		F455782341DE3A7FEE9DCE6F /* Pods */ = {
			isa = PBXGroup;
			children = (
				37C38503FD6DF43F30F1DA01 /* Pods-Reels.debug.xcconfig */,
				73EFDDF67023D76F873E34C2 /* Pods-Reels.release.xcconfig */,
			);
			path = Pods;
			sourceTree = "<group>";
		};
/* End PBXGroup section */

/* Begin PBXNativeTarget section */
		82480DEC28F6D6D000B3689C /* Reels */ = {
			isa = PBXNativeTarget;
			buildConfigurationList = 82480E0128F6D6D200B3689C /* Build configuration list for PBXNativeTarget "Reels" */;
			buildPhases = (
				0BD38E74D97432331067CE01 /* [CP] Check Pods Manifest.lock */,
				82480DE928F6D6D000B3689C /* Sources */,
				82480DEA28F6D6D000B3689C /* Frameworks */,
				82480DEB28F6D6D000B3689C /* Resources */,
				00A081B054A33C13A3451D4E /* [CP] Embed Pods Frameworks */,
			);
			buildRules = (
			);
			dependencies = (
			);
			name = Reels;
			productName = Reels;
			productReference = 82480DED28F6D6D000B3689C /* Reels.app */;
			productType = "com.apple.product-type.application";
		};
/* End PBXNativeTarget section */

/* Begin PBXProject section */
		82480DE528F6D6D000B3689C /* Project object */ = {
			isa = PBXProject;
			attributes = {
				BuildIndependentTargetsInParallel = 1;
				LastSwiftUpdateCheck = 1400;
				LastUpgradeCheck = 1400;
				TargetAttributes = {
					82480DEC28F6D6D000B3689C = {
						CreatedOnToolsVersion = 14.0;
					};
				};
			};
			buildConfigurationList = 82480DE828F6D6D000B3689C /* Build configuration list for PBXProject "Reels" */;
			compatibilityVersion = "Xcode 14.0";
			developmentRegion = en;
			hasScannedForEncodings = 0;
			knownRegions = (
				en,
				Base,
			);
			mainGroup = 82480DE428F6D6D000B3689C;
			productRefGroup = 82480DEE28F6D6D000B3689C /* Products */;
			projectDirPath = "";
			projectRoot = "";
			targets = (
				82480DEC28F6D6D000B3689C /* Reels */,
			);
		};
/* End PBXProject section */

/* Begin PBXResourcesBuildPhase section */
		82480DEB28F6D6D000B3689C /* Resources */ = {
			isa = PBXResourcesBuildPhase;
			buildActionMask = 2147483647;
			files = (
				82C856F92909DD6D00528D90 /* test.mov in Resources */,
				82480DFD28F6D6D200B3689C /* LaunchScreen.storyboard in Resources */,
				82480DFA28F6D6D200B3689C /* Assets.xcassets in Resources */,
				82480DF828F6D6D000B3689C /* Main.storyboard in Resources */,
			);
			runOnlyForDeploymentPostprocessing = 0;
		};
/* End PBXResourcesBuildPhase section */

/* Begin PBXShellScriptBuildPhase section */
		00A081B054A33C13A3451D4E /* [CP] Embed Pods Frameworks */ = {
			isa = PBXShellScriptBuildPhase;
			buildActionMask = 2147483647;
			files = (
			);
			inputFileListPaths = (
				"${PODS_ROOT}/Target Support Files/Pods-Reels/Pods-Reels-frameworks-${CONFIGURATION}-input-files.xcfilelist",
			);
			name = "[CP] Embed Pods Frameworks";
			outputFileListPaths = (
				"${PODS_ROOT}/Target Support Files/Pods-Reels/Pods-Reels-frameworks-${CONFIGURATION}-output-files.xcfilelist",
			);
			runOnlyForDeploymentPostprocessing = 0;
			shellPath = /bin/sh;
			shellScript = "\"${PODS_ROOT}/Target Support Files/Pods-Reels/Pods-Reels-frameworks.sh\"\n";
			showEnvVarsInLog = 0;
		};
		0BD38E74D97432331067CE01 /* [CP] Check Pods Manifest.lock */ = {
			isa = PBXShellScriptBuildPhase;
			buildActionMask = 2147483647;
			files = (
			);
			inputFileListPaths = (
			);
			inputPaths = (
				"${PODS_PODFILE_DIR_PATH}/Podfile.lock",
				"${PODS_ROOT}/Manifest.lock",
			);
			name = "[CP] Check Pods Manifest.lock";
			outputFileListPaths = (
			);
			outputPaths = (
				"$(DERIVED_FILE_DIR)/Pods-Reels-checkManifestLockResult.txt",
			);
			runOnlyForDeploymentPostprocessing = 0;
			shellPath = /bin/sh;
			shellScript = "diff \"${PODS_PODFILE_DIR_PATH}/Podfile.lock\" \"${PODS_ROOT}/Manifest.lock\" > /dev/null\nif [ $? != 0 ] ; then\n    # print error to STDERR\n    echo \"error: The sandbox is not in sync with the Podfile.lock. Run 'pod install' or update your CocoaPods installation.\" >&2\n    exit 1\nfi\n# This output is used by Xcode 'outputs' to avoid re-running this script phase.\necho \"SUCCESS\" > \"${SCRIPT_OUTPUT_FILE_0}\"\n";
			showEnvVarsInLog = 0;
		};
/* End PBXShellScriptBuildPhase section */

/* Begin PBXSourcesBuildPhase section */
		82480DE928F6D6D000B3689C /* Sources */ = {
			isa = PBXSourcesBuildPhase;
			buildActionMask = 2147483647;
			files = (
				82EABBDE28F9B6FC00322276 /* SeeAll.swift in Sources */,
				8296A6A828FB8C6B0096B1B0 /* TemplateCell.swift in Sources */,
				82AF318D291576E5002A2E1C /* MediaFeedDataModel.xcdatamodeld in Sources */,
				8290921928FB59D50051AB07 /* ChangeTemplate.swift in Sources */,
				82480DF528F6D6D000B3689C /* Main.swift in Sources */,
				82AF3194291577EB002A2E1C /* MediaObject.swift in Sources */,
				82C856FB2909E10C00528D90 /* RangeSlider.swift in Sources */,
				82A326BE2943DE4800442978 /* CreateTemplateMusic.swift in Sources */,
				82AABC5E290D8AC400F7AD65 /* CreateTemplateCell.swift in Sources */,
				82AF318F2915771D002A2E1C /* CDMediaObject.swift in Sources */,
				82C25885290543B8003E5CF0 /* CreateTemplate.swift in Sources */,
				82E2C0D929031CE7005564AE /* History.swift in Sources */,
				82AF319229157794002A2E1C /* CoreDataManager.swift in Sources */,
				821C54B329070BEA00A9A3BE /* MyTemplatesCell.swift in Sources */,
				821F5B4028FFF992004B8164 /* Settings.swift in Sources */,
				82B77B44291B0AC800979C70 /* MainCell.swift in Sources */,
				821C54B529070F0B00A9A3BE /* TestConstraints.swift in Sources */,
				82D0556529047685009EBDB3 /* Extensions.swift in Sources */,
				82480DF128F6D6D000B3689C /* AppDelegate.swift in Sources */,
				82480DF328F6D6D000B3689C /* SceneDelegate.swift in Sources */,
				82E2C0DC29031E17005564AE /* HistoryCollectionCell.swift in Sources */,
				82C856F72908A07700528D90 /* VideoMain.swift in Sources */,
				821C54B029070B7A00A9A3BE /* MyTemplates.swift in Sources */,
				821C54AE29070A0400A9A3BE /* SeeAllCell.swift in Sources */,
				820ABD9F2901F753007365D3 /* BuySubscribe.swift in Sources */,
			);
			runOnlyForDeploymentPostprocessing = 0;
		};
/* End PBXSourcesBuildPhase section */

/* Begin PBXVariantGroup section */
		82480DF628F6D6D000B3689C /* Main.storyboard */ = {
			isa = PBXVariantGroup;
			children = (
				82480DF728F6D6D000B3689C /* Base */,
			);
			name = Main.storyboard;
			sourceTree = "<group>";
		};
		82480DFB28F6D6D200B3689C /* LaunchScreen.storyboard */ = {
			isa = PBXVariantGroup;
			children = (
				82480DFC28F6D6D200B3689C /* Base */,
			);
			name = LaunchScreen.storyboard;
			sourceTree = "<group>";
		};
/* End PBXVariantGroup section */

/* Begin XCBuildConfiguration section */
		82480DFF28F6D6D200B3689C /* Debug */ = {
			isa = XCBuildConfiguration;
			buildSettings = {
				ALWAYS_SEARCH_USER_PATHS = NO;
				CLANG_ANALYZER_NONNULL = YES;
				CLANG_ANALYZER_NUMBER_OBJECT_CONVERSION = YES_AGGRESSIVE;
				CLANG_CXX_LANGUAGE_STANDARD = "gnu++20";
				CLANG_ENABLE_MODULES = YES;
				CLANG_ENABLE_OBJC_ARC = YES;
				CLANG_ENABLE_OBJC_WEAK = YES;
				CLANG_WARN_BLOCK_CAPTURE_AUTORELEASING = YES;
				CLANG_WARN_BOOL_CONVERSION = YES;
				CLANG_WARN_COMMA = YES;
				CLANG_WARN_CONSTANT_CONVERSION = YES;
				CLANG_WARN_DEPRECATED_OBJC_IMPLEMENTATIONS = YES;
				CLANG_WARN_DIRECT_OBJC_ISA_USAGE = YES_ERROR;
				CLANG_WARN_DOCUMENTATION_COMMENTS = YES;
				CLANG_WARN_EMPTY_BODY = YES;
				CLANG_WARN_ENUM_CONVERSION = YES;
				CLANG_WARN_INFINITE_RECURSION = YES;
				CLANG_WARN_INT_CONVERSION = YES;
				CLANG_WARN_NON_LITERAL_NULL_CONVERSION = YES;
				CLANG_WARN_OBJC_IMPLICIT_RETAIN_SELF = YES;
				CLANG_WARN_OBJC_LITERAL_CONVERSION = YES;
				CLANG_WARN_OBJC_ROOT_CLASS = YES_ERROR;
				CLANG_WARN_QUOTED_INCLUDE_IN_FRAMEWORK_HEADER = YES;
				CLANG_WARN_RANGE_LOOP_ANALYSIS = YES;
				CLANG_WARN_STRICT_PROTOTYPES = YES;
				CLANG_WARN_SUSPICIOUS_MOVE = YES;
				CLANG_WARN_UNGUARDED_AVAILABILITY = YES_AGGRESSIVE;
				CLANG_WARN_UNREACHABLE_CODE = YES;
				CLANG_WARN__DUPLICATE_METHOD_MATCH = YES;
				COPY_PHASE_STRIP = NO;
				DEBUG_INFORMATION_FORMAT = dwarf;
				ENABLE_STRICT_OBJC_MSGSEND = YES;
				ENABLE_TESTABILITY = YES;
				GCC_C_LANGUAGE_STANDARD = gnu11;
				GCC_DYNAMIC_NO_PIC = NO;
				GCC_NO_COMMON_BLOCKS = YES;
				GCC_OPTIMIZATION_LEVEL = 0;
				GCC_PREPROCESSOR_DEFINITIONS = (
					"DEBUG=1",
					"$(inherited)",
				);
				GCC_WARN_64_TO_32_BIT_CONVERSION = YES;
				GCC_WARN_ABOUT_RETURN_TYPE = YES_ERROR;
				GCC_WARN_UNDECLARED_SELECTOR = YES;
				GCC_WARN_UNINITIALIZED_AUTOS = YES_AGGRESSIVE;
				GCC_WARN_UNUSED_FUNCTION = YES;
				GCC_WARN_UNUSED_VARIABLE = YES;
				IPHONEOS_DEPLOYMENT_TARGET = 16.0;
				MTL_ENABLE_DEBUG_INFO = INCLUDE_SOURCE;
				MTL_FAST_MATH = YES;
				ONLY_ACTIVE_ARCH = YES;
				SDKROOT = iphoneos;
				SWIFT_ACTIVE_COMPILATION_CONDITIONS = DEBUG;
				SWIFT_OPTIMIZATION_LEVEL = "-Onone";
			};
			name = Debug;
		};
		82480E0028F6D6D200B3689C /* Release */ = {
			isa = XCBuildConfiguration;
			buildSettings = {
				ALWAYS_SEARCH_USER_PATHS = NO;
				CLANG_ANALYZER_NONNULL = YES;
				CLANG_ANALYZER_NUMBER_OBJECT_CONVERSION = YES_AGGRESSIVE;
				CLANG_CXX_LANGUAGE_STANDARD = "gnu++20";
				CLANG_ENABLE_MODULES = YES;
				CLANG_ENABLE_OBJC_ARC = YES;
				CLANG_ENABLE_OBJC_WEAK = YES;
				CLANG_WARN_BLOCK_CAPTURE_AUTORELEASING = YES;
				CLANG_WARN_BOOL_CONVERSION = YES;
				CLANG_WARN_COMMA = YES;
				CLANG_WARN_CONSTANT_CONVERSION = YES;
				CLANG_WARN_DEPRECATED_OBJC_IMPLEMENTATIONS = YES;
				CLANG_WARN_DIRECT_OBJC_ISA_USAGE = YES_ERROR;
				CLANG_WARN_DOCUMENTATION_COMMENTS = YES;
				CLANG_WARN_EMPTY_BODY = YES;
				CLANG_WARN_ENUM_CONVERSION = YES;
				CLANG_WARN_INFINITE_RECURSION = YES;
				CLANG_WARN_INT_CONVERSION = YES;
				CLANG_WARN_NON_LITERAL_NULL_CONVERSION = YES;
				CLANG_WARN_OBJC_IMPLICIT_RETAIN_SELF = YES;
				CLANG_WARN_OBJC_LITERAL_CONVERSION = YES;
				CLANG_WARN_OBJC_ROOT_CLASS = YES_ERROR;
				CLANG_WARN_QUOTED_INCLUDE_IN_FRAMEWORK_HEADER = YES;
				CLANG_WARN_RANGE_LOOP_ANALYSIS = YES;
				CLANG_WARN_STRICT_PROTOTYPES = YES;
				CLANG_WARN_SUSPICIOUS_MOVE = YES;
				CLANG_WARN_UNGUARDED_AVAILABILITY = YES_AGGRESSIVE;
				CLANG_WARN_UNREACHABLE_CODE = YES;
				CLANG_WARN__DUPLICATE_METHOD_MATCH = YES;
				COPY_PHASE_STRIP = NO;
				DEBUG_INFORMATION_FORMAT = "dwarf-with-dsym";
				ENABLE_NS_ASSERTIONS = NO;
				ENABLE_STRICT_OBJC_MSGSEND = YES;
				GCC_C_LANGUAGE_STANDARD = gnu11;
				GCC_NO_COMMON_BLOCKS = YES;
				GCC_WARN_64_TO_32_BIT_CONVERSION = YES;
				GCC_WARN_ABOUT_RETURN_TYPE = YES_ERROR;
				GCC_WARN_UNDECLARED_SELECTOR = YES;
				GCC_WARN_UNINITIALIZED_AUTOS = YES_AGGRESSIVE;
				GCC_WARN_UNUSED_FUNCTION = YES;
				GCC_WARN_UNUSED_VARIABLE = YES;
				IPHONEOS_DEPLOYMENT_TARGET = 16.0;
				MTL_ENABLE_DEBUG_INFO = NO;
				MTL_FAST_MATH = YES;
				SDKROOT = iphoneos;
				SWIFT_COMPILATION_MODE = wholemodule;
				SWIFT_OPTIMIZATION_LEVEL = "-O";
				VALIDATE_PRODUCT = YES;
			};
			name = Release;
		};
		82480E0228F6D6D200B3689C /* Debug */ = {
			isa = XCBuildConfiguration;
			baseConfigurationReference = 37C38503FD6DF43F30F1DA01 /* Pods-Reels.debug.xcconfig */;
			buildSettings = {
				ASSETCATALOG_COMPILER_APPICON_NAME = AppIcon;
				ASSETCATALOG_COMPILER_GLOBAL_ACCENT_COLOR_NAME = AccentColor;
				CODE_SIGN_STYLE = Automatic;
				CURRENT_PROJECT_VERSION = 1;
				DEVELOPMENT_TEAM = 2HZH3XUR69;
				GENERATE_INFOPLIST_FILE = YES;
				INFOPLIST_FILE = Reels/Info.plist;
				INFOPLIST_KEY_NSCameraUsageDescription = "$(PRODUCT_NAME) нужно разрешение, чтобы снять видео в приложение";
				INFOPLIST_KEY_NSPhotoLibraryUsageDescription = "$(PRODUCT_NAME) нужно разрешение, чтобы импортировать видео в приложение";
				INFOPLIST_KEY_UIApplicationSupportsIndirectInputEvents = YES;
				INFOPLIST_KEY_UILaunchStoryboardName = LaunchScreen;
				INFOPLIST_KEY_UIMainStoryboardFile = Main;
				INFOPLIST_KEY_UISupportedInterfaceOrientations_iPad = "UIInterfaceOrientationPortrait UIInterfaceOrientationPortraitUpsideDown UIInterfaceOrientationLandscapeLeft UIInterfaceOrientationLandscapeRight";
				INFOPLIST_KEY_UISupportedInterfaceOrientations_iPhone = "UIInterfaceOrientationPortrait UIInterfaceOrientationLandscapeLeft UIInterfaceOrientationLandscapeRight";
				LD_RUNPATH_SEARCH_PATHS = (
					"$(inherited)",
					"@executable_path/Frameworks",
				);
				MARKETING_VERSION = 1.0;
				PRODUCT_BUNDLE_IDENTIFIER = molodorya.Reels.com;
				PRODUCT_NAME = "$(TARGET_NAME)";
				SWIFT_EMIT_LOC_STRINGS = YES;
				SWIFT_VERSION = 5.0;
				TARGETED_DEVICE_FAMILY = "1,2";
			};
			name = Debug;
		};
		82480E0328F6D6D200B3689C /* Release */ = {
			isa = XCBuildConfiguration;
			baseConfigurationReference = 73EFDDF67023D76F873E34C2 /* Pods-Reels.release.xcconfig */;
			buildSettings = {
				ASSETCATALOG_COMPILER_APPICON_NAME = AppIcon;
				ASSETCATALOG_COMPILER_GLOBAL_ACCENT_COLOR_NAME = AccentColor;
				CODE_SIGN_STYLE = Automatic;
				CURRENT_PROJECT_VERSION = 1;
				DEVELOPMENT_TEAM = 2HZH3XUR69;
				GENERATE_INFOPLIST_FILE = YES;
				INFOPLIST_FILE = Reels/Info.plist;
				INFOPLIST_KEY_NSCameraUsageDescription = "$(PRODUCT_NAME) нужно разрешение, чтобы снять видео в приложение";
				INFOPLIST_KEY_NSPhotoLibraryUsageDescription = "$(PRODUCT_NAME) нужно разрешение, чтобы импортировать видео в приложение";
				INFOPLIST_KEY_UIApplicationSupportsIndirectInputEvents = YES;
				INFOPLIST_KEY_UILaunchStoryboardName = LaunchScreen;
				INFOPLIST_KEY_UIMainStoryboardFile = Main;
				INFOPLIST_KEY_UISupportedInterfaceOrientations_iPad = "UIInterfaceOrientationPortrait UIInterfaceOrientationPortraitUpsideDown UIInterfaceOrientationLandscapeLeft UIInterfaceOrientationLandscapeRight";
				INFOPLIST_KEY_UISupportedInterfaceOrientations_iPhone = "UIInterfaceOrientationPortrait UIInterfaceOrientationLandscapeLeft UIInterfaceOrientationLandscapeRight";
				LD_RUNPATH_SEARCH_PATHS = (
					"$(inherited)",
					"@executable_path/Frameworks",
				);
				MARKETING_VERSION = 1.0;
				PRODUCT_BUNDLE_IDENTIFIER = molodorya.Reels.com;
				PRODUCT_NAME = "$(TARGET_NAME)";
				SWIFT_EMIT_LOC_STRINGS = YES;
				SWIFT_VERSION = 5.0;
				TARGETED_DEVICE_FAMILY = "1,2";
			};
			name = Release;
		};
/* End XCBuildConfiguration section */

/* Begin XCConfigurationList section */
		82480DE828F6D6D000B3689C /* Build configuration list for PBXProject "Reels" */ = {
			isa = XCConfigurationList;
			buildConfigurations = (
				82480DFF28F6D6D200B3689C /* Debug */,
				82480E0028F6D6D200B3689C /* Release */,
			);
			defaultConfigurationIsVisible = 0;
			defaultConfigurationName = Release;
		};
		82480E0128F6D6D200B3689C /* Build configuration list for PBXNativeTarget "Reels" */ = {
			isa = XCConfigurationList;
			buildConfigurations = (
				82480E0228F6D6D200B3689C /* Debug */,
				82480E0328F6D6D200B3689C /* Release */,
			);
			defaultConfigurationIsVisible = 0;
			defaultConfigurationName = Release;
		};
/* End XCConfigurationList section */

/* Begin XCVersionGroup section */
		82AF318B291576E5002A2E1C /* MediaFeedDataModel.xcdatamodeld */ = {
			isa = XCVersionGroup;
			children = (
				82AF318C291576E5002A2E1C /* MediaFeedDataModel.xcdatamodel */,
			);
			currentVersion = 82AF318C291576E5002A2E1C /* MediaFeedDataModel.xcdatamodel */;
			path = MediaFeedDataModel.xcdatamodeld;
			sourceTree = "<group>";
			versionGroupType = wrapper.xcdatamodel;
		};
/* End XCVersionGroup section */
	};
	rootObject = 82480DE528F6D6D000B3689C /* Project object */;
}
